// !$*UTF8*$!
{
	archiveVersion = 1;
	classes = {
	};
	objectVersion = 56;
	objects = {

/* Begin PBXBuildFile section */
		88F000182E6D19A2009FEB42 /* NewsArticle.swift in Sources */ = {isa = PBXBuildFile; fileRef = 88F000182E6D19A2009FEB41 /* NewsArticle.swift */; };
		88F000172E6D19A2009FEB42 /* NewsService.swift in Sources */ = {isa = PBXBuildFile; fileRef = 88F000172E6D19A2009FEB41 /* NewsService.swift */; };
		88F000032E6D19A2009FEB42 /* RealDataAwardsView.swift in Sources */ = {isa = PBXBuildFile; fileRef = 88F000032E6D19A2009FEB41 /* RealDataAwardsView.swift */; };
		88F000042E6D19A2009FEB42 /* RealDataNewsView.swift in Sources */ = {isa = PBXBuildFile; fileRef = 88F000042E6D19A2009FEB41 /* RealDataNewsView.swift */; };
		88F000062E6D19A2009FEB42 /* RealDataProfileView.swift in Sources */ = {isa = PBXBuildFile; fileRef = 88F000062E6D19A2009FEB41 /* RealDataProfileView.swift */; };
		88F000072E6D19A2009FEB42 /* WrestlePickApp.swift in Sources */ = {isa = PBXBuildFile; fileRef = 88F000072E6D19A2009FEB41 /* WrestlePickApp.swift */; };
		88F000092E6D19A2009FEB42 /* FantasyBookingView.swift in Sources */ = {isa = PBXBuildFile; fileRef = 88F000092E6D19A2009FEB41 /* FantasyBookingView.swift */; };
		88F000102E6D19A2009FEB42 /* (null) in Sources */ = {isa = PBXBuildFile; };
		88F000122E6D19A2009FEB42 /* (null) in Sources */ = {isa = PBXBuildFile; };
		88F000152E6D19A2009FEB42 /* RealDataPredictionsView.swift in Sources */ = {isa = PBXBuildFile; fileRef = 88F000152E6D19A2009FEB41 /* RealDataPredictionsView.swift */; };
		88F000162E6D19A2009FEB42 /* ContentView.swift in Sources */ = {isa = PBXBuildFile; fileRef = 88F000162E6D19A2009FEB41 /* ContentView.swift */; };
/* End PBXBuildFile section */

/* Begin PBXFileReference section */
		88F000182E6D19A2009FEB41 /* NewsArticle.swift */ = {isa = PBXFileReference; lastKnownFileType = sourcecode.swift; path = NewsArticle.swift; sourceTree = "<group>"; };
		88F000172E6D19A2009FEB41 /* NewsService.swift */ = {isa = PBXFileReference; lastKnownFileType = sourcecode.swift; path = NewsService.swift; sourceTree = "<group>"; };
		88F000032E6D19A2009FEB41 /* RealDataAwardsView.swift */ = {isa = PBXFileReference; lastKnownFileType = sourcecode.swift; path = RealDataAwardsView.swift; sourceTree = "<group>"; };
		88F000042E6D19A2009FEB41 /* RealDataNewsView.swift */ = {isa = PBXFileReference; lastKnownFileType = sourcecode.swift; path = RealDataNewsView.swift; sourceTree = "<group>"; };
		88F000062E6D19A2009FEB41 /* RealDataProfileView.swift */ = {isa = PBXFileReference; lastKnownFileType = sourcecode.swift; path = RealDataProfileView.swift; sourceTree = "<group>"; };
		88F000072E6D19A2009FEB41 /* WrestlePickApp.swift */ = {isa = PBXFileReference; lastKnownFileType = sourcecode.swift; path = WrestlePickApp.swift; sourceTree = "<group>"; };
		88F000092E6D19A2009FEB41 /* FantasyBookingView.swift */ = {isa = PBXFileReference; lastKnownFileType = sourcecode.swift; path = FantasyBookingView.swift; sourceTree = "<group>"; };
		88F000152E6D19A2009FEB41 /* RealDataPredictionsView.swift */ = {isa = PBXFileReference; lastKnownFileType = sourcecode.swift; path = RealDataPredictionsView.swift; sourceTree = "<group>"; };
		88F000162E6D19A2009FEB41 /* ContentView.swift */ = {isa = PBXFileReference; lastKnownFileType = sourcecode.swift; path = ContentView.swift; sourceTree = "<group>"; };
/* End PBXFileReference section */

/* Begin PBXFrameworksBuildPhase section */
		1A2B3C4D5E6F7890ABCDEFFA /* Frameworks */ = {
			isa = PBXFrameworksBuildPhase;
			buildActionMask = 2147483647;
			files = (
			);
			runOnlyForDeploymentPostprocessing = 0;
		};
/* End PBXFrameworksBuildPhase section */

/* Begin PBXGroup section */
		1A2B3C4D5E6F7890ABCDEF06 /* Preview Content */ = {
			isa = PBXGroup;
			children = (
			);
			path = "Preview Content";
			sourceTree = "<group>";
		};
		1A2B3C4D5E6F7890ABCDEF94 = {
			isa = PBXGroup;
			children = (
				1A2B3C4D5E6F7890ABCDEF9F /* WrestlePick */,
				1A2B3C4D5E6F7890ABCDEF9E /* Products */,
				880198EF2E6D232D00FA7285 /* Recovered References */,
			);
			sourceTree = "<group>";
		};
		1A2B3C4D5E6F7890ABCDEF9E /* Products */ = {
			isa = PBXGroup;
			children = (
			);
			name = Products;
			sourceTree = "<group>";
		};
		1A2B3C4D5E6F7890ABCDEF9F /* WrestlePick */ = {
			isa = PBXGroup;
			children = (
				88F073DE2E6D19A2009FEB41 /* AppStore */,
				88F073F22E6D19A2009FEB41 /* Extensions */,
				88F074042E6D19A2009FEB41 /* Models */,
				1A2B3C4D5E6F7890ABCDEF06 /* Preview Content */,
				88F000162E6D19A2009FEB41 /* ContentView.swift */,
				88F000042E6D19A2009FEB41 /* RealDataNewsView.swift */,
				88F000062E6D19A2009FEB41 /* RealDataProfileView.swift */,
				88F000072E6D19A2009FEB41 /* WrestlePickApp.swift */,
				88F000092E6D19A2009FEB41 /* FantasyBookingView.swift */,
				88F000152E6D19A2009FEB41 /* RealDataPredictionsView.swift */,
				88F000032E6D19A2009FEB41 /* RealDataAwardsView.swift */,
			88F000172E6D19A2009FEB41 /* NewsService.swift */,
			88F000182E6D19A2009FEB41 /* NewsArticle.swift */,
			);
			path = WrestlePick;
			sourceTree = "<group>";
		};
		880198EF2E6D232D00FA7285 /* Recovered References */ = {
			isa = PBXGroup;
			children = (
			);
			name = "Recovered References";
			sourceTree = "<group>";
		};
		88F073DE2E6D19A2009FEB41 /* AppStore */ = {
			isa = PBXGroup;
			children = (
			);
			path = AppStore;
			sourceTree = "<group>";
		};
		88F073F22E6D19A2009FEB41 /* Extensions */ = {
			isa = PBXGroup;
			children = (
			);
			path = Extensions;
			sourceTree = "<group>";
		};
		88F074042E6D19A2009FEB41 /* Models */ = {
			isa = PBXGroup;
			children = (
			);
			path = Models;
			sourceTree = "<group>";
		};
/* End PBXGroup section */

/* Begin PBXNativeTarget section */
		1A2B3C4D5E6F7890ABCDEFFC /* WrestlePick */ = {
			isa = PBXNativeTarget;
			buildConfigurationList = 1A2B3C4D5E6F7890ABCDEF0A /* Build configuration list for PBXNativeTarget "WrestlePick" */;
			buildPhases = (
				1A2B3C4D5E6F7890ABCDEFF9 /* Sources */,
				1A2B3C4D5E6F7890ABCDEFFA /* Frameworks */,
				1A2B3C4D5E6F7890ABCDEFFB /* Resources */,
			);
			buildRules = (
			);
			dependencies = (
			);
			name = WrestlePick;
			productName = WrestlePick;
			productType = "com.apple.product-type.application";
		};
/* End PBXNativeTarget section */

/* Begin PBXProject section */
		1A2B3C4D5E6F7890ABCDEF95 /* Project object */ = {
			isa = PBXProject;
			attributes = {
				BuildIndependentTargetsInParallel = 1;
				LastSwiftUpdateCheck = 1500;
				LastUpgradeCheck = 1500;
				TargetAttributes = {
					1A2B3C4D5E6F7890ABCDEFFC = {
						CreatedOnToolsVersion = 15.0;
					};
				};
			};
			buildConfigurationList = 1A2B3C4D5E6F7890ABCDEF98 /* Build configuration list for PBXProject "WrestlePick" */;
			compatibilityVersion = "Xcode 14.0";
			developmentRegion = en;
			hasScannedForEncodings = 0;
			knownRegions = (
				en,
				Base,
			);
			mainGroup = 1A2B3C4D5E6F7890ABCDEF94;
			packageReferences = (
				88F074462E6D1A99009FEB41 /* XCRemoteSwiftPackageReference "firebase-ios-sdk" */,
			);
			productRefGroup = 1A2B3C4D5E6F7890ABCDEF9E /* Products */;
			projectDirPath = "";
			projectRoot = "";
			targets = (
				1A2B3C4D5E6F7890ABCDEFFC /* WrestlePick */,
			);
		};
/* End PBXProject section */

/* Begin PBXResourcesBuildPhase section */
		1A2B3C4D5E6F7890ABCDEFFB /* Resources */ = {
			isa = PBXResourcesBuildPhase;
			buildActionMask = 2147483647;
			files = (
			);
			runOnlyForDeploymentPostprocessing = 0;
		};
/* End PBXResourcesBuildPhase section */

/* Begin PBXSourcesBuildPhase section */
		1A2B3C4D5E6F7890ABCDEFF9 /* Sources */ = {
			isa = PBXSourcesBuildPhase;
			buildActionMask = 2147483647;
			files = (
				88F000162E6D19A2009FEB42 /* ContentView.swift in Sources */,
				88F000042E6D19A2009FEB42 /* RealDataNewsView.swift in Sources */,
				88F000062E6D19A2009FEB42 /* RealDataProfileView.swift in Sources */,
				88F000072E6D19A2009FEB42 /* WrestlePickApp.swift in Sources */,
				88F000092E6D19A2009FEB42 /* FantasyBookingView.swift in Sources */,
				88F000102E6D19A2009FEB42 /* (null) in Sources */,
				88F000122E6D19A2009FEB42 /* (null) in Sources */,
				88F000152E6D19A2009FEB42 /* RealDataPredictionsView.swift in Sources */,
				88F000032E6D19A2009FEB42 /* RealDataAwardsView.swift in Sources */,
			88F000172E6D19A2009FEB42 /* NewsService.swift in Sources */,
			88F000182E6D19A2009FEB42 /* NewsArticle.swift in Sources */,
			);
			runOnlyForDeploymentPostprocessing = 0;
		};
/* End PBXSourcesBuildPhase section */

/* Begin XCBuildConfiguration section */
		1A2B3C4D5E6F7890ABCDEF0B /* Debug */ = {
			isa = XCBuildConfiguration;
			buildSettings = {
				ASSETCATALOG_COMPILER_APPICON_NAME = AppIcon;
				ASSETCATALOG_COMPILER_GLOBAL_ACCENT_COLOR_NAME = AccentColor;
				CODE_SIGN_STYLE = Automatic;
				CURRENT_PROJECT_VERSION = 1;
				DEVELOPMENT_ASSET_PATHS = "\"WrestlePick/Preview Content\"";
				ENABLE_PREVIEWS = YES;
				GENERATE_INFOPLIST_FILE = YES;
				INFOPLIST_KEY_UIApplicationSceneManifest_Generation = YES;
				INFOPLIST_KEY_UIApplicationSupportsIndirectInputEvents = YES;
				INFOPLIST_KEY_UILaunchScreen_Generation = YES;
				INFOPLIST_KEY_UISupportedInterfaceOrientations_iPad = "UIInterfaceOrientationPortrait UIInterfaceOrientationPortraitUpsideDown UIInterfaceOrientationLandscapeLeft UIInterfaceOrientationLandscapeRight";
				INFOPLIST_KEY_UISupportedInterfaceOrientations_iPhone = "UIInterfaceOrientationPortrait UIInterfaceOrientationLandscapeLeft UIInterfaceOrientationLandscapeRight";
				LD_RUNPATH_SEARCH_PATHS = (
					"$(inherited)",
					"@executable_path/Frameworks",
				);
				MARKETING_VERSION = 1.0;
				PRODUCT_BUNDLE_IDENTIFIER = com.wrestlepick.app;
				PRODUCT_NAME = "$(TARGET_NAME)";
				SWIFT_EMIT_LOC_STRINGS = YES;
				SWIFT_VERSION = 5.0;
				TARGETED_DEVICE_FAMILY = "1,2";
			};
			name = Debug;
		};
		1A2B3C4D5E6F7890ABCDEF0C /* Release */ = {
			isa = XCBuildConfiguration;
			buildSettings = {
				ASSETCATALOG_COMPILER_APPICON_NAME = AppIcon;
				ASSETCATALOG_COMPILER_GLOBAL_ACCENT_COLOR_NAME = AccentColor;
				CODE_SIGN_STYLE = Automatic;
				CURRENT_PROJECT_VERSION = 1;
				DEVELOPMENT_ASSET_PATHS = "\"WrestlePick/Preview Content\"";
				ENABLE_PREVIEWS = YES;
				GENERATE_INFOPLIST_FILE = YES;
				INFOPLIST_KEY_UIApplicationSceneManifest_Generation = YES;
				INFOPLIST_KEY_UIApplicationSupportsIndirectInputEvents = YES;
				INFOPLIST_KEY_UILaunchScreen_Generation = YES;
				INFOPLIST_KEY_UISupportedInterfaceOrientations_iPad = "UIInterfaceOrientationPortrait UIInterfaceOrientationPortraitUpsideDown UIInterfaceOrientationLandscapeLeft UIInterfaceOrientationLandscapeRight";
				INFOPLIST_KEY_UISupportedInterfaceOrientations_iPhone = "UIInterfaceOrientationPortrait UIInterfaceOrientationLandscapeLeft UIInterfaceOrientationLandscapeRight";
				LD_RUNPATH_SEARCH_PATHS = (
					"$(inherited)",
					"@executable_path/Frameworks",
				);
				MARKETING_VERSION = 1.0;
				PRODUCT_BUNDLE_IDENTIFIER = com.wrestlepick.app;
				PRODUCT_NAME = "$(TARGET_NAME)";
				SWIFT_EMIT_LOC_STRINGS = YES;
				SWIFT_VERSION = 5.0;
				TARGETED_DEVICE_FAMILY = "1,2";
			};
			name = Release;
		};
		1A2B3C4D5E6F7890ABCDEF99 /* Debug */ = {
			isa = XCBuildConfiguration;
			buildSettings = {
				ALWAYS_SEARCH_USER_PATHS = NO;
				ASSETCATALOG_COMPILER_GENERATE_SWIFT_ASSET_SYMBOL_EXTENSIONS = YES;
				CLANG_ANALYZER_NONNULL = YES;
				CLANG_ANALYZER_NUMBER_OBJECT_CONVERSION = YES_AGGRESSIVE;
				CLANG_CXX_LANGUAGE_STANDARD = "gnu++20";
				CLANG_ENABLE_MODULES = YES;
				CLANG_ENABLE_OBJC_ARC = YES;
				CLANG_ENABLE_OBJC_WEAK = YES;
				CLANG_WARN_BLOCK_CAPTURE_AUTORELEASING = YES;
				CLANG_WARN_BOOL_CONVERSION = YES;
				CLANG_WARN_COMMA = YES;
				CLANG_WARN_CONSTANT_CONVERSION = YES;
				CLANG_WARN_DEPRECATED_OBJC_IMPLEMENTATIONS = YES;
				CLANG_WARN_DIRECT_OBJC_ISA_USAGE = YES_ERROR;
				CLANG_WARN_DOCUMENTATION_COMMENTS = YES;
				CLANG_WARN_EMPTY_BODY = YES;
				CLANG_WARN_ENUM_CONVERSION = YES;
				CLANG_WARN_INFINITE_RECURSION = YES;
				CLANG_WARN_INT_CONVERSION = YES;
				CLANG_WARN_NON_LITERAL_NULL_CONVERSION = YES;
				CLANG_WARN_OBJC_IMPLICIT_RETAIN_SELF = YES;
				CLANG_WARN_OBJC_LITERAL_CONVERSION = YES;
				CLANG_WARN_OBJC_ROOT_CLASS = YES_ERROR;
				CLANG_WARN_QUOTED_INCLUDE_IN_FRAMEWORK_HEADER = YES;
				CLANG_WARN_RANGE_LOOP_ANALYSIS = YES;
				CLANG_WARN_STRICT_PROTOTYPES = YES;
				CLANG_WARN_SUSPICIOUS_MOVE = YES;
				CLANG_WARN_UNGUARDED_AVAILABILITY = YES_AGGRESSIVE;
				CLANG_WARN_UNREACHABLE_CODE = YES;
				CLANG_WARN__DUPLICATE_METHOD_MATCH = YES;
				COPY_PHASE_STRIP = NO;
				DEBUG_INFORMATION_FORMAT = dwarf;
				ENABLE_STRICT_OBJC_MSGSEND = YES;
				ENABLE_TESTABILITY = YES;
				ENABLE_USER_SCRIPT_SANDBOXING = YES;
				GCC_C_LANGUAGE_STANDARD = gnu17;
				GCC_DYNAMIC_NO_PIC = NO;
				GCC_NO_COMMON_BLOCKS = YES;
				GCC_OPTIMIZATION_LEVEL = 0;
				GCC_PREPROCESSOR_DEFINITIONS = (
					"DEBUG=1",
					"$(inherited)",
				);
				GCC_WARN_64_TO_32_BIT_CONVERSION = YES;
				GCC_WARN_ABOUT_RETURN_TYPE = YES_ERROR;
				GCC_WARN_UNDECLARED_SELECTOR = YES;
				GCC_WARN_UNINITIALIZED_AUTOS = YES_AGGRESSIVE;
				GCC_WARN_UNUSED_FUNCTION = YES;
				GCC_WARN_UNUSED_VARIABLE = YES;
				IPHONEOS_DEPLOYMENT_TARGET = 15.0;
				LOCALIZATION_PREFERS_STRING_CATALOGS = YES;
				MTL_ENABLE_DEBUG_INFO = INCLUDE_SOURCE;
				MTL_FAST_MATH = YES;
				ONLY_ACTIVE_ARCH = YES;
				SDKROOT = iphoneos;
				SWIFT_ACTIVE_COMPILATION_CONDITIONS = "DEBUG $(inherited)";
				SWIFT_OPTIMIZATION_LEVEL = "-Onone";
			};
			name = Debug;
		};
		1A2B3C4D5E6F7890ABCDEF9A /* Release */ = {
			isa = XCBuildConfiguration;
			buildSettings = {
				ALWAYS_SEARCH_USER_PATHS = NO;
				ASSETCATALOG_COMPILER_GENERATE_SWIFT_ASSET_SYMBOL_EXTENSIONS = YES;
				CLANG_ANALYZER_NONNULL = YES;
				CLANG_ANALYZER_NUMBER_OBJECT_CONVERSION = YES_AGGRESSIVE;
				CLANG_CXX_LANGUAGE_STANDARD = "gnu++20";
				CLANG_ENABLE_MODULES = YES;
				CLANG_ENABLE_OBJC_ARC = YES;
				CLANG_ENABLE_OBJC_WEAK = YES;
				CLANG_WARN_BLOCK_CAPTURE_AUTORELEASING = YES;
				CLANG_WARN_BOOL_CONVERSION = YES;
				CLANG_WARN_COMMA = YES;
				CLANG_WARN_CONSTANT_CONVERSION = YES;
				CLANG_WARN_DEPRECATED_OBJC_IMPLEMENTATIONS = YES;
				CLANG_WARN_DIRECT_OBJC_ISA_USAGE = YES_ERROR;
				CLANG_WARN_DOCUMENTATION_COMMENTS = YES;
				CLANG_WARN_EMPTY_BODY = YES;
				CLANG_WARN_ENUM_CONVERSION = YES;
				CLANG_WARN_INFINITE_RECURSION = YES;
				CLANG_WARN_INT_CONVERSION = YES;
				CLANG_WARN_NON_LITERAL_NULL_CONVERSION = YES;
				CLANG_WARN_OBJC_IMPLICIT_RETAIN_SELF = YES;
				CLANG_WARN_OBJC_LITERAL_CONVERSION = YES;
				CLANG_WARN_OBJC_ROOT_CLASS = YES_ERROR;
				CLANG_WARN_QUOTED_INCLUDE_IN_FRAMEWORK_HEADER = YES;
				CLANG_WARN_RANGE_LOOP_ANALYSIS = YES;
				CLANG_WARN_STRICT_PROTOTYPES = YES;
				CLANG_WARN_SUSPICIOUS_MOVE = YES;
				CLANG_WARN_UNGUARDED_AVAILABILITY = YES_AGGRESSIVE;
				CLANG_WARN_UNREACHABLE_CODE = YES;
				CLANG_WARN__DUPLICATE_METHOD_MATCH = YES;
				COPY_PHASE_STRIP = NO;
				DEBUG_INFORMATION_FORMAT = "dwarf-with-dsym";
				ENABLE_NS_ASSERTIONS = NO;
				ENABLE_STRICT_OBJC_MSGSEND = YES;
				ENABLE_USER_SCRIPT_SANDBOXING = YES;
				GCC_C_LANGUAGE_STANDARD = gnu17;
				GCC_NO_COMMON_BLOCKS = YES;
				GCC_WARN_64_TO_32_BIT_CONVERSION = YES;
				GCC_WARN_ABOUT_RETURN_TYPE = YES_ERROR;
				GCC_WARN_UNDECLARED_SELECTOR = YES;
				GCC_WARN_UNINITIALIZED_AUTOS = YES_AGGRESSIVE;
				GCC_WARN_UNUSED_FUNCTION = YES;
				GCC_WARN_UNUSED_VARIABLE = YES;
				IPHONEOS_DEPLOYMENT_TARGET = 15.0;
				LOCALIZATION_PREFERS_STRING_CATALOGS = YES;
				MTL_ENABLE_DEBUG_INFO = NO;
				MTL_FAST_MATH = YES;
				SDKROOT = iphoneos;
				SWIFT_COMPILATION_MODE = wholemodule;
				VALIDATE_PRODUCT = YES;
			};
			name = Release;
		};
/* End XCBuildConfiguration section */

/* Begin XCConfigurationList section */
		1A2B3C4D5E6F7890ABCDEF0A /* Build configuration list for PBXNativeTarget "WrestlePick" */ = {
			isa = XCConfigurationList;
			buildConfigurations = (
				1A2B3C4D5E6F7890ABCDEF0B /* Debug */,
				1A2B3C4D5E6F7890ABCDEF0C /* Release */,
			);
			defaultConfigurationIsVisible = 0;
			defaultConfigurationName = Release;
		};
		1A2B3C4D5E6F7890ABCDEF98 /* Build configuration list for PBXProject "WrestlePick" */ = {
			isa = XCConfigurationList;
			buildConfigurations = (
				1A2B3C4D5E6F7890ABCDEF99 /* Debug */,
				1A2B3C4D5E6F7890ABCDEF9A /* Release */,
			);
			defaultConfigurationIsVisible = 0;
			defaultConfigurationName = Release;
		};
/* End XCConfigurationList section */

/* Begin XCRemoteSwiftPackageReference section */
		88F074462E6D1A99009FEB41 /* XCRemoteSwiftPackageReference "firebase-ios-sdk" */ = {
			isa = XCRemoteSwiftPackageReference;
			repositoryURL = "https://github.com/firebase/firebase-ios-sdk.git";
			requirement = {
				kind = upToNextMajorVersion;
				minimumVersion = 12.2.0;
			};
		};
/* End XCRemoteSwiftPackageReference section */
	};
	rootObject = 1A2B3C4D5E6F7890ABCDEF95 /* Project object */;
}
